
Microsoft Visual Studio Solution File, Format Version 12.00
# Visual Studio 15
VisualStudioVersion = 15.0.27703.2035
MinimumVisualStudioVersion = 10.0.40219.1
Project("{FAE04EC0-301F-11D3-BF4B-00C04F79EFBC}") = "ServerManagerGUI", "ServerManagerGUI\ServerManagerGUI.csproj", "{E25E0DF3-C025-4402-87F0-24A6494D295E}"
	ProjectSection(ProjectDependencies) = postProject
		{6127A53A-FAA0-44D6-AA60-8A731E97A5C3} = {6127A53A-FAA0-44D6-AA60-8A731E97A5C3}
		{2A7CF553-920D-47DE-A55B-0E6E6EEF0350} = {2A7CF553-920D-47DE-A55B-0E6E6EEF0350}
		{87F1278D-0618-47D0-BA66-7AC59DEAB351} = {87F1278D-0618-47D0-BA66-7AC59DEAB351}
	EndProjectSection
EndProject
Project("{FAE04EC0-301F-11D3-BF4B-00C04F79EFBC}") = "Rcon", "Rcon\Rcon.csproj", "{2D630C21-754D-4D2D-93E2-0C7F5D4549AC}"
EndProject
Project("{FAE04EC0-301F-11D3-BF4B-00C04F79EFBC}") = "ArkServer", "ArkServer\ArkServer.csproj", "{2A7CF553-920D-47DE-A55B-0E6E6EEF0350}"
	ProjectSection(ProjectDependencies) = postProject
		{2D630C21-754D-4D2D-93E2-0C7F5D4549AC} = {2D630C21-754D-4D2D-93E2-0C7F5D4549AC}
		{87F1278D-0618-47D0-BA66-7AC59DEAB351} = {87F1278D-0618-47D0-BA66-7AC59DEAB351}
	EndProjectSection
EndProject
Project("{FAE04EC0-301F-11D3-BF4B-00C04F79EFBC}") = "Steam", "Steam\Steam.csproj", "{87F1278D-0618-47D0-BA66-7AC59DEAB351}"
EndProject
Project("{FAE04EC0-301F-11D3-BF4B-00C04F79EFBC}") = "DiscordWebHook", "DiscordWebHook\DiscordWebHook.csproj", "{6127A53A-FAA0-44D6-AA60-8A731E97A5C3}"
EndProject
Project("{FAE04EC0-301F-11D3-BF4B-00C04F79EFBC}") = "SteamWeb", "SteamWeb\SteamWeb.csproj", "{D6E2D983-4006-4044-B55B-37344F5516FE}"
EndProject
Project("{FAE04EC0-301F-11D3-BF4B-00C04F79EFBC}") = "DiscordBot", "DiscordBot\DiscordBot.csproj", "{C05BEDD3-FAE2-41D5-9B66-029ECF32E8AC}"
EndProject
Global
	GlobalSection(SolutionConfigurationPlatforms) = preSolution
		Debug|Any CPU = Debug|Any CPU
		Debug|ARM = Debug|ARM
		Debug|x64 = Debug|x64
		Debug|x86 = Debug|x86
		Release|Any CPU = Release|Any CPU
		Release|ARM = Release|ARM
		Release|x64 = Release|x64
		Release|x86 = Release|x86
	EndGlobalSection
	GlobalSection(ProjectConfigurationPlatforms) = postSolution
		{E25E0DF3-C025-4402-87F0-24A6494D295E}.Debug|Any CPU.ActiveCfg = Debug|Any CPU
		{E25E0DF3-C025-4402-87F0-24A6494D295E}.Debug|Any CPU.Build.0 = Debug|Any CPU
		{E25E0DF3-C025-4402-87F0-24A6494D295E}.Debug|ARM.ActiveCfg = Debug|Any CPU
		{E25E0DF3-C025-4402-87F0-24A6494D295E}.Debug|ARM.Build.0 = Debug|Any CPU
		{E25E0DF3-C025-4402-87F0-24A6494D295E}.Debug|x64.ActiveCfg = Debug|Any CPU
		{E25E0DF3-C025-4402-87F0-24A6494D295E}.Debug|x64.Build.0 = Debug|Any CPU
		{E25E0DF3-C025-4402-87F0-24A6494D295E}.Debug|x86.ActiveCfg = Debug|Any CPU
		{E25E0DF3-C025-4402-87F0-24A6494D295E}.Debug|x86.Build.0 = Debug|Any CPU
		{E25E0DF3-C025-4402-87F0-24A6494D295E}.Release|Any CPU.ActiveCfg = Release|Any CPU
		{E25E0DF3-C025-4402-87F0-24A6494D295E}.Release|Any CPU.Build.0 = Release|Any CPU
		{E25E0DF3-C025-4402-87F0-24A6494D295E}.Release|ARM.ActiveCfg = Release|Any CPU
		{E25E0DF3-C025-4402-87F0-24A6494D295E}.Release|ARM.Build.0 = Release|Any CPU
		{E25E0DF3-C025-4402-87F0-24A6494D295E}.Release|x64.ActiveCfg = Release|Any CPU
		{E25E0DF3-C025-4402-87F0-24A6494D295E}.Release|x64.Build.0 = Release|Any CPU
		{E25E0DF3-C025-4402-87F0-24A6494D295E}.Release|x86.ActiveCfg = Release|Any CPU
		{E25E0DF3-C025-4402-87F0-24A6494D295E}.Release|x86.Build.0 = Release|Any CPU
		{2D630C21-754D-4D2D-93E2-0C7F5D4549AC}.Debug|Any CPU.ActiveCfg = Debug|Any CPU
		{2D630C21-754D-4D2D-93E2-0C7F5D4549AC}.Debug|Any CPU.Build.0 = Debug|Any CPU
		{2D630C21-754D-4D2D-93E2-0C7F5D4549AC}.Debug|ARM.ActiveCfg = Debug|Any CPU
		{2D630C21-754D-4D2D-93E2-0C7F5D4549AC}.Debug|ARM.Build.0 = Debug|Any CPU
		{2D630C21-754D-4D2D-93E2-0C7F5D4549AC}.Debug|x64.ActiveCfg = Debug|Any CPU
		{2D630C21-754D-4D2D-93E2-0C7F5D4549AC}.Debug|x64.Build.0 = Debug|Any CPU
		{2D630C21-754D-4D2D-93E2-0C7F5D4549AC}.Debug|x86.ActiveCfg = Debug|Any CPU
		{2D630C21-754D-4D2D-93E2-0C7F5D4549AC}.Debug|x86.Build.0 = Debug|Any CPU
		{2D630C21-754D-4D2D-93E2-0C7F5D4549AC}.Release|Any CPU.ActiveCfg = Release|Any CPU
		{2D630C21-754D-4D2D-93E2-0C7F5D4549AC}.Release|Any CPU.Build.0 = Release|Any CPU
		{2D630C21-754D-4D2D-93E2-0C7F5D4549AC}.Release|ARM.ActiveCfg = Release|Any CPU
		{2D630C21-754D-4D2D-93E2-0C7F5D4549AC}.Release|ARM.Build.0 = Release|Any CPU
		{2D630C21-754D-4D2D-93E2-0C7F5D4549AC}.Release|x64.ActiveCfg = Release|Any CPU
		{2D630C21-754D-4D2D-93E2-0C7F5D4549AC}.Release|x64.Build.0 = Release|Any CPU
		{2D630C21-754D-4D2D-93E2-0C7F5D4549AC}.Release|x86.ActiveCfg = Release|Any CPU
		{2D630C21-754D-4D2D-93E2-0C7F5D4549AC}.Release|x86.Build.0 = Release|Any CPU
		{2A7CF553-920D-47DE-A55B-0E6E6EEF0350}.Debug|Any CPU.ActiveCfg = Debug|Any CPU
		{2A7CF553-920D-47DE-A55B-0E6E6EEF0350}.Debug|Any CPU.Build.0 = Debug|Any CPU
		{2A7CF553-920D-47DE-A55B-0E6E6EEF0350}.Debug|ARM.ActiveCfg = Debug|Any CPU
		{2A7CF553-920D-47DE-A55B-0E6E6EEF0350}.Debug|ARM.Build.0 = Debug|Any CPU
		{2A7CF553-920D-47DE-A55B-0E6E6EEF0350}.Debug|x64.ActiveCfg = Debug|Any CPU
		{2A7CF553-920D-47DE-A55B-0E6E6EEF0350}.Debug|x64.Build.0 = Debug|Any CPU
		{2A7CF553-920D-47DE-A55B-0E6E6EEF0350}.Debug|x86.ActiveCfg = Debug|Any CPU
		{2A7CF553-920D-47DE-A55B-0E6E6EEF0350}.Debug|x86.Build.0 = Debug|Any CPU
		{2A7CF553-920D-47DE-A55B-0E6E6EEF0350}.Release|Any CPU.ActiveCfg = Release|Any CPU
		{2A7CF553-920D-47DE-A55B-0E6E6EEF0350}.Release|Any CPU.Build.0 = Release|Any CPU
		{2A7CF553-920D-47DE-A55B-0E6E6EEF0350}.Release|ARM.ActiveCfg = Release|Any CPU
		{2A7CF553-920D-47DE-A55B-0E6E6EEF0350}.Release|ARM.Build.0 = Release|Any CPU
		{2A7CF553-920D-47DE-A55B-0E6E6EEF0350}.Release|x64.ActiveCfg = Release|Any CPU
		{2A7CF553-920D-47DE-A55B-0E6E6EEF0350}.Release|x64.Build.0 = Release|Any CPU
		{2A7CF553-920D-47DE-A55B-0E6E6EEF0350}.Release|x86.ActiveCfg = Release|Any CPU
		{2A7CF553-920D-47DE-A55B-0E6E6EEF0350}.Release|x86.Build.0 = Release|Any CPU
		{87F1278D-0618-47D0-BA66-7AC59DEAB351}.Debug|Any CPU.ActiveCfg = Debug|Any CPU
		{87F1278D-0618-47D0-BA66-7AC59DEAB351}.Debug|Any CPU.Build.0 = Debug|Any CPU
		{87F1278D-0618-47D0-BA66-7AC59DEAB351}.Debug|ARM.ActiveCfg = Debug|Any CPU
		{87F1278D-0618-47D0-BA66-7AC59DEAB351}.Debug|ARM.Build.0 = Debug|Any CPU
		{87F1278D-0618-47D0-BA66-7AC59DEAB351}.Debug|x64.ActiveCfg = Debug|Any CPU
		{87F1278D-0618-47D0-BA66-7AC59DEAB351}.Debug|x64.Build.0 = Debug|Any CPU
		{87F1278D-0618-47D0-BA66-7AC59DEAB351}.Debug|x86.ActiveCfg = Debug|Any CPU
		{87F1278D-0618-47D0-BA66-7AC59DEAB351}.Debug|x86.Build.0 = Debug|Any CPU
		{87F1278D-0618-47D0-BA66-7AC59DEAB351}.Release|Any CPU.ActiveCfg = Release|Any CPU
		{87F1278D-0618-47D0-BA66-7AC59DEAB351}.Release|Any CPU.Build.0 = Release|Any CPU
		{87F1278D-0618-47D0-BA66-7AC59DEAB351}.Release|ARM.ActiveCfg = Release|Any CPU
		{87F1278D-0618-47D0-BA66-7AC59DEAB351}.Release|ARM.Build.0 = Release|Any CPU
		{87F1278D-0618-47D0-BA66-7AC59DEAB351}.Release|x64.ActiveCfg = Release|Any CPU
		{87F1278D-0618-47D0-BA66-7AC59DEAB351}.Release|x64.Build.0 = Release|Any CPU
		{87F1278D-0618-47D0-BA66-7AC59DEAB351}.Release|x86.ActiveCfg = Release|Any CPU
		{87F1278D-0618-47D0-BA66-7AC59DEAB351}.Release|x86.Build.0 = Release|Any CPU
		{6127A53A-FAA0-44D6-AA60-8A731E97A5C3}.Debug|Any CPU.ActiveCfg = Debug|Any CPU
		{6127A53A-FAA0-44D6-AA60-8A731E97A5C3}.Debug|Any CPU.Build.0 = Debug|Any CPU
		{6127A53A-FAA0-44D6-AA60-8A731E97A5C3}.Debug|ARM.ActiveCfg = Debug|Any CPU
		{6127A53A-FAA0-44D6-AA60-8A731E97A5C3}.Debug|ARM.Build.0 = Debug|Any CPU
		{6127A53A-FAA0-44D6-AA60-8A731E97A5C3}.Debug|x64.ActiveCfg = Debug|Any CPU
		{6127A53A-FAA0-44D6-AA60-8A731E97A5C3}.Debug|x64.Build.0 = Debug|Any CPU
		{6127A53A-FAA0-44D6-AA60-8A731E97A5C3}.Debug|x86.ActiveCfg = Debug|Any CPU
		{6127A53A-FAA0-44D6-AA60-8A731E97A5C3}.Debug|x86.Build.0 = Debug|Any CPU
		{6127A53A-FAA0-44D6-AA60-8A731E97A5C3}.Release|Any CPU.ActiveCfg = Release|Any CPU
		{6127A53A-FAA0-44D6-AA60-8A731E97A5C3}.Release|Any CPU.Build.0 = Release|Any CPU
		{6127A53A-FAA0-44D6-AA60-8A731E97A5C3}.Release|ARM.ActiveCfg = Release|Any CPU
		{6127A53A-FAA0-44D6-AA60-8A731E97A5C3}.Release|ARM.Build.0 = Release|Any CPU
		{6127A53A-FAA0-44D6-AA60-8A731E97A5C3}.Release|x64.ActiveCfg = Release|Any CPU
		{6127A53A-FAA0-44D6-AA60-8A731E97A5C3}.Release|x64.Build.0 = Release|Any CPU
		{6127A53A-FAA0-44D6-AA60-8A731E97A5C3}.Release|x86.ActiveCfg = Release|Any CPU
		{6127A53A-FAA0-44D6-AA60-8A731E97A5C3}.Release|x86.Build.0 = Release|Any CPU
		{D6E2D983-4006-4044-B55B-37344F5516FE}.Debug|Any CPU.ActiveCfg = Debug|Any CPU
		{D6E2D983-4006-4044-B55B-37344F5516FE}.Debug|Any CPU.Build.0 = Debug|Any CPU
		{D6E2D983-4006-4044-B55B-37344F5516FE}.Debug|ARM.ActiveCfg = Debug|Any CPU
		{D6E2D983-4006-4044-B55B-37344F5516FE}.Debug|ARM.Build.0 = Debug|Any CPU
		{D6E2D983-4006-4044-B55B-37344F5516FE}.Debug|x64.ActiveCfg = Debug|Any CPU
		{D6E2D983-4006-4044-B55B-37344F5516FE}.Debug|x64.Build.0 = Debug|Any CPU
		{D6E2D983-4006-4044-B55B-37344F5516FE}.Debug|x86.ActiveCfg = Debug|Any CPU
		{D6E2D983-4006-4044-B55B-37344F5516FE}.Debug|x86.Build.0 = Debug|Any CPU
		{D6E2D983-4006-4044-B55B-37344F5516FE}.Release|Any CPU.ActiveCfg = Release|Any CPU
		{D6E2D983-4006-4044-B55B-37344F5516FE}.Release|Any CPU.Build.0 = Release|Any CPU
		{D6E2D983-4006-4044-B55B-37344F5516FE}.Release|ARM.ActiveCfg = Release|Any CPU
		{D6E2D983-4006-4044-B55B-37344F5516FE}.Release|ARM.Build.0 = Release|Any CPU
		{D6E2D983-4006-4044-B55B-37344F5516FE}.Release|x64.ActiveCfg = Release|Any CPU
		{D6E2D983-4006-4044-B55B-37344F5516FE}.Release|x64.Build.0 = Release|Any CPU
		{D6E2D983-4006-4044-B55B-37344F5516FE}.Release|x86.ActiveCfg = Release|Any CPU
		{D6E2D983-4006-4044-B55B-37344F5516FE}.Release|x86.Build.0 = Release|Any CPU
		{C05BEDD3-FAE2-41D5-9B66-029ECF32E8AC}.Debug|Any CPU.ActiveCfg = Debug|Any CPU
		{C05BEDD3-FAE2-41D5-9B66-029ECF32E8AC}.Debug|Any CPU.Build.0 = Debug|Any CPU
		{C05BEDD3-FAE2-41D5-9B66-029ECF32E8AC}.Debug|ARM.ActiveCfg = Debug|Any CPU
		{C05BEDD3-FAE2-41D5-9B66-029ECF32E8AC}.Debug|ARM.Build.0 = Debug|Any CPU
		{C05BEDD3-FAE2-41D5-9B66-029ECF32E8AC}.Debug|x64.ActiveCfg = Debug|Any CPU
		{C05BEDD3-FAE2-41D5-9B66-029ECF32E8AC}.Debug|x64.Build.0 = Debug|Any CPU
		{C05BEDD3-FAE2-41D5-9B66-029ECF32E8AC}.Debug|x86.ActiveCfg = Debug|Any CPU
		{C05BEDD3-FAE2-41D5-9B66-029ECF32E8AC}.Debug|x86.Build.0 = Debug|Any CPU
		{C05BEDD3-FAE2-41D5-9B66-029ECF32E8AC}.Release|Any CPU.ActiveCfg = Release|Any CPU
		{C05BEDD3-FAE2-41D5-9B66-029ECF32E8AC}.Release|Any CPU.Build.0 = Release|Any CPU
		{C05BEDD3-FAE2-41D5-9B66-029ECF32E8AC}.Release|ARM.ActiveCfg = Release|Any CPU
		{C05BEDD3-FAE2-41D5-9B66-029ECF32E8AC}.Release|ARM.Build.0 = Release|Any CPU
		{C05BEDD3-FAE2-41D5-9B66-029ECF32E8AC}.Release|x64.ActiveCfg = Release|Any CPU
		{C05BEDD3-FAE2-41D5-9B66-029ECF32E8AC}.Release|x64.Build.0 = Release|Any CPU
		{C05BEDD3-FAE2-41D5-9B66-029ECF32E8AC}.Release|x86.ActiveCfg = Release|Any CPU
		{C05BEDD3-FAE2-41D5-9B66-029ECF32E8AC}.Release|x86.Build.0 = Release|Any CPU
	EndGlobalSection
	GlobalSection(SolutionProperties) = preSolution
		HideSolutionNode = FALSE
	EndGlobalSection
	GlobalSection(ExtensibilityGlobals) = postSolution
		SolutionGuid = {FD0EA5DE-A6D4-47E3-8DCC-249644F4C425}
	EndGlobalSection
EndGlobal
